<Solution>
  <Configurations>
    <Platform Name="Any CPU" />
  </Configurations>
  <Project Path="FLaG/FLaG.csproj" />
  <Project Path="FLaG.CmpEq/FLaG.CmpEq.csproj" />
  <Project Path="FLaG.CmpEq.Attributes/FLaG.CmpEq.Attributes.csproj" />
  <Project Path="FLaG.IO/FLaG.IO.csproj" />
  <Project Path="FLaGLib/FLaGLib.csproj" />
</Solution>
